
Microsoft Visual Studio Solution File, Format Version 12.00
# Visual Studio Version 16
VisualStudioVersion = 16.0.31105.61
MinimumVisualStudioVersion = 10.0.40219.1
Project("{FAE04EC0-301F-11D3-BF4B-00C04F79EFBC}") = "GiaoDienChinh", "GiaoDienChinh\GiaoDienChinh.csproj", "{1D473230-2E64-44C8-A0F8-C6997B5AE1B5}"
EndProject
Global
	GlobalSection(SolutionConfigurationPlatforms) = preSolution
		Debug|Any CPU = Debug|Any CPU
		Release|Any CPU = Release|Any CPU
	EndGlobalSection
	GlobalSection(ProjectConfigurationPlatforms) = postSolution
		{1D473230-2E64-44C8-A0F8-C6997B5AE1B5}.Debug|Any CPU.ActiveCfg = Debug|Any CPU
		{1D473230-2E64-44C8-A0F8-C6997B5AE1B5}.Debug|Any CPU.Build.0 = Debug|Any CPU
		{1D473230-2E64-44C8-A0F8-C6997B5AE1B5}.Release|Any CPU.ActiveCfg = Release|Any CPU
		{1D473230-2E64-44C8-A0F8-C6997B5AE1B5}.Release|Any CPU.Build.0 = Release|Any CPU
	EndGlobalSection
	GlobalSection(SolutionProperties) = preSolution
		HideSolutionNode = FALSE
	EndGlobalSection
	GlobalSection(ExtensibilityGlobals) = postSolution
		SolutionGuid = {FE056B39-2E3A-4F5C-A861-B8669B82D10F}
	EndGlobalSection
EndGlobal
